
Microsoft Visual Studio Solution File, Format Version 12.00
# Visual Studio Version 16
VisualStudioVersion = 16.0.30309.148
MinimumVisualStudioVersion = 10.0.40219.1
Project("{FAE04EC0-301F-11D3-BF4B-00C04F79EFBC}") = "Lesson 2 scaling using rectangles PHILIP GRAHAM", "Lesson 2 scaling using rectangles PHILIP GRAHAM.csproj", "{140EA4E5-1A8E-4095-8082-BAC6ED90B6AF}"
EndProject
Global
	GlobalSection(SolutionConfigurationPlatforms) = preSolution
		Debug|Any CPU = Debug|Any CPU
		Release|Any CPU = Release|Any CPU
	EndGlobalSection
	GlobalSection(ProjectConfigurationPlatforms) = postSolution
		{140EA4E5-1A8E-4095-8082-BAC6ED90B6AF}.Debug|Any CPU.ActiveCfg = Debug|Any CPU
		{140EA4E5-1A8E-4095-8082-BAC6ED90B6AF}.Debug|Any CPU.Build.0 = Debug|Any CPU
		{140EA4E5-1A8E-4095-8082-BAC6ED90B6AF}.Release|Any CPU.ActiveCfg = Release|Any CPU
		{140EA4E5-1A8E-4095-8082-BAC6ED90B6AF}.Release|Any CPU.Build.0 = Release|Any CPU
	EndGlobalSection
	GlobalSection(SolutionProperties) = preSolution
		HideSolutionNode = FALSE
	EndGlobalSection
	GlobalSection(ExtensibilityGlobals) = postSolution
		SolutionGuid = {9A6F9E77-C026-41B1-B7D8-04B89B1CBDEE}
	EndGlobalSection
EndGlobal
